
Microsoft Visual Studio Solution File, Format Version 12.00
# Visual Studio Version 17
VisualStudioVersion = 17.3.32825.248
MinimumVisualStudioVersion = 10.0.40219.1
Project("{FAE04EC0-301F-11D3-BF4B-00C04F79EFBC}") = "Product_connected_architecture", "Product_connected_architecture\Product_connected_architecture.csproj", "{F54A66AA-7D61-4F7A-9E62-FDF62CB0DB34}"
EndProject
Global
	GlobalSection(SolutionConfigurationPlatforms) = preSolution
		Debug|Any CPU = Debug|Any CPU
		Release|Any CPU = Release|Any CPU
	EndGlobalSection
	GlobalSection(ProjectConfigurationPlatforms) = postSolution
		{F54A66AA-7D61-4F7A-9E62-FDF62CB0DB34}.Debug|Any CPU.ActiveCfg = Debug|Any CPU
		{F54A66AA-7D61-4F7A-9E62-FDF62CB0DB34}.Debug|Any CPU.Build.0 = Debug|Any CPU
		{F54A66AA-7D61-4F7A-9E62-FDF62CB0DB34}.Release|Any CPU.ActiveCfg = Release|Any CPU
		{F54A66AA-7D61-4F7A-9E62-FDF62CB0DB34}.Release|Any CPU.Build.0 = Release|Any CPU
	EndGlobalSection
	GlobalSection(SolutionProperties) = preSolution
		HideSolutionNode = FALSE
	EndGlobalSection
	GlobalSection(ExtensibilityGlobals) = postSolution
		SolutionGuid = {CA7A09BA-9A1D-406B-A4A8-92B0F0946DC3}
	EndGlobalSection
EndGlobal
